
Microsoft Visual Studio Solution File, Format Version 12.00
# Visual Studio Version 16
VisualStudioVersion = 16.0.31005.135
MinimumVisualStudioVersion = 10.0.40219.1
Project("{9A19103F-16F7-4668-BE54-9A1E7A4F7556}") = "Docter_MVC_Miniproject3", "Docter_MVC_Miniproject3.csproj", "{461F50D4-87D4-4042-9BB9-53DEABCFB488}"
EndProject
Global
	GlobalSection(SolutionConfigurationPlatforms) = preSolution
		Debug|Any CPU = Debug|Any CPU
		Release|Any CPU = Release|Any CPU
	EndGlobalSection
	GlobalSection(ProjectConfigurationPlatforms) = postSolution
		{461F50D4-87D4-4042-9BB9-53DEABCFB488}.Debug|Any CPU.ActiveCfg = Debug|Any CPU
		{461F50D4-87D4-4042-9BB9-53DEABCFB488}.Debug|Any CPU.Build.0 = Debug|Any CPU
		{461F50D4-87D4-4042-9BB9-53DEABCFB488}.Release|Any CPU.ActiveCfg = Release|Any CPU
		{461F50D4-87D4-4042-9BB9-53DEABCFB488}.Release|Any CPU.Build.0 = Release|Any CPU
	EndGlobalSection
	GlobalSection(SolutionProperties) = preSolution
		HideSolutionNode = FALSE
	EndGlobalSection
	GlobalSection(ExtensibilityGlobals) = postSolution
		SolutionGuid = {DD1F5C6E-90B5-41FB-9B23-FE78F20A9A0B}
	EndGlobalSection
EndGlobal
